{
  "nodes": {
    "fenix": {
      "inputs": {
        "nixpkgs": [
          "nixpkgs"
        ],
        "rust-analyzer-src": "rust-analyzer-src"
      },
      "locked": {
        "lastModified": 1738218644,
        "narHash": "sha256-1lzgesEFjyhCs4sO0Gu0QMjJyAkhKm9m9y71gLufL0M=",
        "owner": "nix-community",
        "repo": "fenix",
        "rev": "cc65b71af7eae5d015ff3c20a5f034c3d1fbac72",
        "type": "github"
      },
      "original": {
        "owner": "nix-community",
        "repo": "fenix",
        "type": "github"
      }
    },
    "nixpkgs": {
      "locked": {
        "lastModified": 1735685343,
        "narHash": "sha256-h1CpBzdJDNtSUb5QMyfFHKHocTTky+4McgQEBQBM+xA=",
        "owner": "NixOS",
        "repo": "nixpkgs",
        "rev": "81934660d6e9ea54d2f0cdee821e8533b10c221a",
        "type": "github"
      },
      "original": {
        "owner": "NixOS",
        "ref": "nixpkgs-unstable",
        "repo": "nixpkgs",
        "type": "github"
      }
    },
    "root": {
      "inputs": {
        "fenix": "fenix",
        "nixpkgs": "nixpkgs"
      }
    },
    "rust-analyzer-src": {
      "flake": false,
      "locked": {
        "lastModified": 1738159098,
        "narHash": "sha256-a5mozMFOfMrhgSJGXdcdXyS86ht6kGQ/YvVXuSrTqP4=",
        "owner": "rust-lang",
        "repo": "rust-analyzer",
        "rev": "7fd6f72007fc60029505ed3cd8dc2e2ca56b9be1",
        "type": "github"
      },
      "original": {
        "owner": "rust-lang",
        "ref": "nightly",
        "repo": "rust-analyzer",
        "type": "github"
      }
    }
  },
  "root": "root",
  "version": 7
}
